
Microsoft Visual Studio Solution File, Format Version 12.00
# Visual Studio Version 16
VisualStudioVersion = 16.0.29613.14
MinimumVisualStudioVersion = 10.0.40219.1
Project("{FAE04EC0-301F-11D3-BF4B-00C04F79EFBC}") = "UI", "UI\UI.csproj", "{3E9A1D1D-93E7-4DD9-9EF4-C5A1B890A2C7}"
EndProject
Project("{FAE04EC0-301F-11D3-BF4B-00C04F79EFBC}") = "UI_Context", "UI_Context\UI_Context.csproj", "{2D5E0988-7316-4647-B8F8-000BE352076E}"
EndProject
Project("{FAE04EC0-301F-11D3-BF4B-00C04F79EFBC}") = "Storage", "Storage\Storage.csproj", "{82960015-C6C1-4507-81DC-2D317A285394}"
EndProject
Project("{2150E333-8FDC-42A3-9474-1A3956D46DE8}") = "Solution Items", "Solution Items", "{FF2762D4-45D1-428D-8101-BD7953094D08}"
	ProjectSection(SolutionItems) = preProject
		.editorconfig = .editorconfig
	EndProjectSection
EndProject
Project("{FAE04EC0-301F-11D3-BF4B-00C04F79EFBC}") = "Shared", "Shared\Shared.csproj", "{606760A5-8EB4-45D5-9DE0-590B49E163DE}"
EndProject
Project("{FAE04EC0-301F-11D3-BF4B-00C04F79EFBC}") = "Logging", "Logging\Logging.csproj", "{B1B74CB2-3E08-4FE7-876D-4F9C82A41C90}"
EndProject
Project("{FAE04EC0-301F-11D3-BF4B-00C04F79EFBC}") = "TumOnline", "TumOnline\TumOnline.csproj", "{26C29B40-A629-4D33-9FE2-7C2A0597FE16}"
EndProject
Project("{FAE04EC0-301F-11D3-BF4B-00C04F79EFBC}") = "ExternalData", "ExternalData\ExternalData.csproj", "{3FC2534E-93A6-4694-AF55-CF5F2D72DA2E}"
EndProject
Global
	GlobalSection(SolutionConfigurationPlatforms) = preSolution
		Debug|Any CPU = Debug|Any CPU
		Debug|ARM = Debug|ARM
		Debug|ARM64 = Debug|ARM64
		Debug|x64 = Debug|x64
		Debug|x86 = Debug|x86
		Release|Any CPU = Release|Any CPU
		Release|ARM = Release|ARM
		Release|ARM64 = Release|ARM64
		Release|x64 = Release|x64
		Release|x86 = Release|x86
	EndGlobalSection
	GlobalSection(ProjectConfigurationPlatforms) = postSolution
		{3E9A1D1D-93E7-4DD9-9EF4-C5A1B890A2C7}.Debug|Any CPU.ActiveCfg = Debug|x86
		{3E9A1D1D-93E7-4DD9-9EF4-C5A1B890A2C7}.Debug|ARM.ActiveCfg = Debug|ARM
		{3E9A1D1D-93E7-4DD9-9EF4-C5A1B890A2C7}.Debug|ARM.Build.0 = Debug|ARM
		{3E9A1D1D-93E7-4DD9-9EF4-C5A1B890A2C7}.Debug|ARM.Deploy.0 = Debug|ARM
		{3E9A1D1D-93E7-4DD9-9EF4-C5A1B890A2C7}.Debug|ARM64.ActiveCfg = Debug|ARM64
		{3E9A1D1D-93E7-4DD9-9EF4-C5A1B890A2C7}.Debug|ARM64.Build.0 = Debug|ARM64
		{3E9A1D1D-93E7-4DD9-9EF4-C5A1B890A2C7}.Debug|ARM64.Deploy.0 = Debug|ARM64
		{3E9A1D1D-93E7-4DD9-9EF4-C5A1B890A2C7}.Debug|x64.ActiveCfg = Debug|x64
		{3E9A1D1D-93E7-4DD9-9EF4-C5A1B890A2C7}.Debug|x64.Build.0 = Debug|x64
		{3E9A1D1D-93E7-4DD9-9EF4-C5A1B890A2C7}.Debug|x64.Deploy.0 = Debug|x64
		{3E9A1D1D-93E7-4DD9-9EF4-C5A1B890A2C7}.Debug|x86.ActiveCfg = Debug|x86
		{3E9A1D1D-93E7-4DD9-9EF4-C5A1B890A2C7}.Debug|x86.Build.0 = Debug|x86
		{3E9A1D1D-93E7-4DD9-9EF4-C5A1B890A2C7}.Debug|x86.Deploy.0 = Debug|x86
		{3E9A1D1D-93E7-4DD9-9EF4-C5A1B890A2C7}.Release|Any CPU.ActiveCfg = Release|x86
		{3E9A1D1D-93E7-4DD9-9EF4-C5A1B890A2C7}.Release|ARM.ActiveCfg = Release|ARM
		{3E9A1D1D-93E7-4DD9-9EF4-C5A1B890A2C7}.Release|ARM.Build.0 = Release|ARM
		{3E9A1D1D-93E7-4DD9-9EF4-C5A1B890A2C7}.Release|ARM.Deploy.0 = Release|ARM
		{3E9A1D1D-93E7-4DD9-9EF4-C5A1B890A2C7}.Release|ARM64.ActiveCfg = Release|ARM64
		{3E9A1D1D-93E7-4DD9-9EF4-C5A1B890A2C7}.Release|ARM64.Build.0 = Release|ARM64
		{3E9A1D1D-93E7-4DD9-9EF4-C5A1B890A2C7}.Release|ARM64.Deploy.0 = Release|ARM64
		{3E9A1D1D-93E7-4DD9-9EF4-C5A1B890A2C7}.Release|x64.ActiveCfg = Release|x64
		{3E9A1D1D-93E7-4DD9-9EF4-C5A1B890A2C7}.Release|x64.Build.0 = Release|x64
		{3E9A1D1D-93E7-4DD9-9EF4-C5A1B890A2C7}.Release|x64.Deploy.0 = Release|x64
		{3E9A1D1D-93E7-4DD9-9EF4-C5A1B890A2C7}.Release|x86.ActiveCfg = Release|x86
		{3E9A1D1D-93E7-4DD9-9EF4-C5A1B890A2C7}.Release|x86.Build.0 = Release|x86
		{3E9A1D1D-93E7-4DD9-9EF4-C5A1B890A2C7}.Release|x86.Deploy.0 = Release|x86
		{2D5E0988-7316-4647-B8F8-000BE352076E}.Debug|Any CPU.ActiveCfg = Debug|Any CPU
		{2D5E0988-7316-4647-B8F8-000BE352076E}.Debug|Any CPU.Build.0 = Debug|Any CPU
		{2D5E0988-7316-4647-B8F8-000BE352076E}.Debug|ARM.ActiveCfg = Debug|ARM
		{2D5E0988-7316-4647-B8F8-000BE352076E}.Debug|ARM.Build.0 = Debug|ARM
		{2D5E0988-7316-4647-B8F8-000BE352076E}.Debug|ARM64.ActiveCfg = Debug|ARM64
		{2D5E0988-7316-4647-B8F8-000BE352076E}.Debug|ARM64.Build.0 = Debug|ARM64
		{2D5E0988-7316-4647-B8F8-000BE352076E}.Debug|x64.ActiveCfg = Debug|x64
		{2D5E0988-7316-4647-B8F8-000BE352076E}.Debug|x64.Build.0 = Debug|x64
		{2D5E0988-7316-4647-B8F8-000BE352076E}.Debug|x86.ActiveCfg = Debug|x86
		{2D5E0988-7316-4647-B8F8-000BE352076E}.Debug|x86.Build.0 = Debug|x86
		{2D5E0988-7316-4647-B8F8-000BE352076E}.Release|Any CPU.ActiveCfg = Release|Any CPU
		{2D5E0988-7316-4647-B8F8-000BE352076E}.Release|Any CPU.Build.0 = Release|Any CPU
		{2D5E0988-7316-4647-B8F8-000BE352076E}.Release|ARM.ActiveCfg = Release|ARM
		{2D5E0988-7316-4647-B8F8-000BE352076E}.Release|ARM.Build.0 = Release|ARM
		{2D5E0988-7316-4647-B8F8-000BE352076E}.Release|ARM64.ActiveCfg = Release|ARM64
		{2D5E0988-7316-4647-B8F8-000BE352076E}.Release|ARM64.Build.0 = Release|ARM64
		{2D5E0988-7316-4647-B8F8-000BE352076E}.Release|x64.ActiveCfg = Release|x64
		{2D5E0988-7316-4647-B8F8-000BE352076E}.Release|x64.Build.0 = Release|x64
		{2D5E0988-7316-4647-B8F8-000BE352076E}.Release|x86.ActiveCfg = Release|x86
		{2D5E0988-7316-4647-B8F8-000BE352076E}.Release|x86.Build.0 = Release|x86
		{82960015-C6C1-4507-81DC-2D317A285394}.Debug|Any CPU.ActiveCfg = Debug|Any CPU
		{82960015-C6C1-4507-81DC-2D317A285394}.Debug|Any CPU.Build.0 = Debug|Any CPU
		{82960015-C6C1-4507-81DC-2D317A285394}.Debug|ARM.ActiveCfg = Debug|ARM
		{82960015-C6C1-4507-81DC-2D317A285394}.Debug|ARM.Build.0 = Debug|ARM
		{82960015-C6C1-4507-81DC-2D317A285394}.Debug|ARM64.ActiveCfg = Debug|ARM64
		{82960015-C6C1-4507-81DC-2D317A285394}.Debug|ARM64.Build.0 = Debug|ARM64
		{82960015-C6C1-4507-81DC-2D317A285394}.Debug|x64.ActiveCfg = Debug|x64
		{82960015-C6C1-4507-81DC-2D317A285394}.Debug|x64.Build.0 = Debug|x64
		{82960015-C6C1-4507-81DC-2D317A285394}.Debug|x86.ActiveCfg = Debug|x86
		{82960015-C6C1-4507-81DC-2D317A285394}.Debug|x86.Build.0 = Debug|x86
		{82960015-C6C1-4507-81DC-2D317A285394}.Release|Any CPU.ActiveCfg = Release|Any CPU
		{82960015-C6C1-4507-81DC-2D317A285394}.Release|Any CPU.Build.0 = Release|Any CPU
		{82960015-C6C1-4507-81DC-2D317A285394}.Release|ARM.ActiveCfg = Release|ARM
		{82960015-C6C1-4507-81DC-2D317A285394}.Release|ARM.Build.0 = Release|ARM
		{82960015-C6C1-4507-81DC-2D317A285394}.Release|ARM64.ActiveCfg = Release|ARM64
		{82960015-C6C1-4507-81DC-2D317A285394}.Release|ARM64.Build.0 = Release|ARM64
		{82960015-C6C1-4507-81DC-2D317A285394}.Release|x64.ActiveCfg = Release|x64
		{82960015-C6C1-4507-81DC-2D317A285394}.Release|x64.Build.0 = Release|x64
		{82960015-C6C1-4507-81DC-2D317A285394}.Release|x86.ActiveCfg = Release|x86
		{82960015-C6C1-4507-81DC-2D317A285394}.Release|x86.Build.0 = Release|x86
		{606760A5-8EB4-45D5-9DE0-590B49E163DE}.Debug|Any CPU.ActiveCfg = Debug|Any CPU
		{606760A5-8EB4-45D5-9DE0-590B49E163DE}.Debug|Any CPU.Build.0 = Debug|Any CPU
		{606760A5-8EB4-45D5-9DE0-590B49E163DE}.Debug|ARM.ActiveCfg = Debug|ARM
		{606760A5-8EB4-45D5-9DE0-590B49E163DE}.Debug|ARM.Build.0 = Debug|ARM
		{606760A5-8EB4-45D5-9DE0-590B49E163DE}.Debug|ARM64.ActiveCfg = Debug|ARM64
		{606760A5-8EB4-45D5-9DE0-590B49E163DE}.Debug|ARM64.Build.0 = Debug|ARM64
		{606760A5-8EB4-45D5-9DE0-590B49E163DE}.Debug|x64.ActiveCfg = Debug|x64
		{606760A5-8EB4-45D5-9DE0-590B49E163DE}.Debug|x64.Build.0 = Debug|x64
		{606760A5-8EB4-45D5-9DE0-590B49E163DE}.Debug|x86.ActiveCfg = Debug|x86
		{606760A5-8EB4-45D5-9DE0-590B49E163DE}.Debug|x86.Build.0 = Debug|x86
		{606760A5-8EB4-45D5-9DE0-590B49E163DE}.Release|Any CPU.ActiveCfg = Release|Any CPU
		{606760A5-8EB4-45D5-9DE0-590B49E163DE}.Release|Any CPU.Build.0 = Release|Any CPU
		{606760A5-8EB4-45D5-9DE0-590B49E163DE}.Release|ARM.ActiveCfg = Release|ARM
		{606760A5-8EB4-45D5-9DE0-590B49E163DE}.Release|ARM.Build.0 = Release|ARM
		{606760A5-8EB4-45D5-9DE0-590B49E163DE}.Release|ARM64.ActiveCfg = Release|ARM64
		{606760A5-8EB4-45D5-9DE0-590B49E163DE}.Release|ARM64.Build.0 = Release|ARM64
		{606760A5-8EB4-45D5-9DE0-590B49E163DE}.Release|x64.ActiveCfg = Release|x64
		{606760A5-8EB4-45D5-9DE0-590B49E163DE}.Release|x64.Build.0 = Release|x64
		{606760A5-8EB4-45D5-9DE0-590B49E163DE}.Release|x86.ActiveCfg = Release|x86
		{606760A5-8EB4-45D5-9DE0-590B49E163DE}.Release|x86.Build.0 = Release|x86
		{B1B74CB2-3E08-4FE7-876D-4F9C82A41C90}.Debug|Any CPU.ActiveCfg = Debug|Any CPU
		{B1B74CB2-3E08-4FE7-876D-4F9C82A41C90}.Debug|Any CPU.Build.0 = Debug|Any CPU
		{B1B74CB2-3E08-4FE7-876D-4F9C82A41C90}.Debug|ARM.ActiveCfg = Debug|ARM
		{B1B74CB2-3E08-4FE7-876D-4F9C82A41C90}.Debug|ARM.Build.0 = Debug|ARM
		{B1B74CB2-3E08-4FE7-876D-4F9C82A41C90}.Debug|ARM64.ActiveCfg = Debug|ARM64
		{B1B74CB2-3E08-4FE7-876D-4F9C82A41C90}.Debug|ARM64.Build.0 = Debug|ARM64
		{B1B74CB2-3E08-4FE7-876D-4F9C82A41C90}.Debug|x64.ActiveCfg = Debug|x64
		{B1B74CB2-3E08-4FE7-876D-4F9C82A41C90}.Debug|x64.Build.0 = Debug|x64
		{B1B74CB2-3E08-4FE7-876D-4F9C82A41C90}.Debug|x86.ActiveCfg = Debug|x86
		{B1B74CB2-3E08-4FE7-876D-4F9C82A41C90}.Debug|x86.Build.0 = Debug|x86
		{B1B74CB2-3E08-4FE7-876D-4F9C82A41C90}.Release|Any CPU.ActiveCfg = Release|Any CPU
		{B1B74CB2-3E08-4FE7-876D-4F9C82A41C90}.Release|Any CPU.Build.0 = Release|Any CPU
		{B1B74CB2-3E08-4FE7-876D-4F9C82A41C90}.Release|ARM.ActiveCfg = Release|ARM
		{B1B74CB2-3E08-4FE7-876D-4F9C82A41C90}.Release|ARM.Build.0 = Release|ARM
		{B1B74CB2-3E08-4FE7-876D-4F9C82A41C90}.Release|ARM64.ActiveCfg = Release|ARM64
		{B1B74CB2-3E08-4FE7-876D-4F9C82A41C90}.Release|ARM64.Build.0 = Release|ARM64
		{B1B74CB2-3E08-4FE7-876D-4F9C82A41C90}.Release|x64.ActiveCfg = Release|x64
		{B1B74CB2-3E08-4FE7-876D-4F9C82A41C90}.Release|x64.Build.0 = Release|x64
		{B1B74CB2-3E08-4FE7-876D-4F9C82A41C90}.Release|x86.ActiveCfg = Release|x86
		{B1B74CB2-3E08-4FE7-876D-4F9C82A41C90}.Release|x86.Build.0 = Release|x86
		{26C29B40-A629-4D33-9FE2-7C2A0597FE16}.Debug|Any CPU.ActiveCfg = Debug|Any CPU
		{26C29B40-A629-4D33-9FE2-7C2A0597FE16}.Debug|Any CPU.Build.0 = Debug|Any CPU
		{26C29B40-A629-4D33-9FE2-7C2A0597FE16}.Debug|ARM.ActiveCfg = Debug|ARM
		{26C29B40-A629-4D33-9FE2-7C2A0597FE16}.Debug|ARM.Build.0 = Debug|ARM
		{26C29B40-A629-4D33-9FE2-7C2A0597FE16}.Debug|ARM64.ActiveCfg = Debug|ARM64
		{26C29B40-A629-4D33-9FE2-7C2A0597FE16}.Debug|ARM64.Build.0 = Debug|ARM64
		{26C29B40-A629-4D33-9FE2-7C2A0597FE16}.Debug|x64.ActiveCfg = Debug|x64
		{26C29B40-A629-4D33-9FE2-7C2A0597FE16}.Debug|x64.Build.0 = Debug|x64
		{26C29B40-A629-4D33-9FE2-7C2A0597FE16}.Debug|x86.ActiveCfg = Debug|x86
		{26C29B40-A629-4D33-9FE2-7C2A0597FE16}.Debug|x86.Build.0 = Debug|x86
		{26C29B40-A629-4D33-9FE2-7C2A0597FE16}.Release|Any CPU.ActiveCfg = Release|Any CPU
		{26C29B40-A629-4D33-9FE2-7C2A0597FE16}.Release|Any CPU.Build.0 = Release|Any CPU
		{26C29B40-A629-4D33-9FE2-7C2A0597FE16}.Release|ARM.ActiveCfg = Release|ARM
		{26C29B40-A629-4D33-9FE2-7C2A0597FE16}.Release|ARM.Build.0 = Release|ARM
		{26C29B40-A629-4D33-9FE2-7C2A0597FE16}.Release|ARM64.ActiveCfg = Release|ARM64
		{26C29B40-A629-4D33-9FE2-7C2A0597FE16}.Release|ARM64.Build.0 = Release|ARM64
		{26C29B40-A629-4D33-9FE2-7C2A0597FE16}.Release|x64.ActiveCfg = Release|x64
		{26C29B40-A629-4D33-9FE2-7C2A0597FE16}.Release|x64.Build.0 = Release|x64
		{26C29B40-A629-4D33-9FE2-7C2A0597FE16}.Release|x86.ActiveCfg = Release|x86
		{26C29B40-A629-4D33-9FE2-7C2A0597FE16}.Release|x86.Build.0 = Release|x86
		{3FC2534E-93A6-4694-AF55-CF5F2D72DA2E}.Debug|Any CPU.ActiveCfg = Debug|Any CPU
		{3FC2534E-93A6-4694-AF55-CF5F2D72DA2E}.Debug|Any CPU.Build.0 = Debug|Any CPU
		{3FC2534E-93A6-4694-AF55-CF5F2D72DA2E}.Debug|ARM.ActiveCfg = Debug|ARM
		{3FC2534E-93A6-4694-AF55-CF5F2D72DA2E}.Debug|ARM.Build.0 = Debug|ARM
		{3FC2534E-93A6-4694-AF55-CF5F2D72DA2E}.Debug|ARM64.ActiveCfg = Debug|ARM64
		{3FC2534E-93A6-4694-AF55-CF5F2D72DA2E}.Debug|ARM64.Build.0 = Debug|ARM64
		{3FC2534E-93A6-4694-AF55-CF5F2D72DA2E}.Debug|x64.ActiveCfg = Debug|x64
		{3FC2534E-93A6-4694-AF55-CF5F2D72DA2E}.Debug|x64.Build.0 = Debug|x64
		{3FC2534E-93A6-4694-AF55-CF5F2D72DA2E}.Debug|x86.ActiveCfg = Debug|x86
		{3FC2534E-93A6-4694-AF55-CF5F2D72DA2E}.Debug|x86.Build.0 = Debug|x86
		{3FC2534E-93A6-4694-AF55-CF5F2D72DA2E}.Release|Any CPU.ActiveCfg = Release|Any CPU
		{3FC2534E-93A6-4694-AF55-CF5F2D72DA2E}.Release|Any CPU.Build.0 = Release|Any CPU
		{3FC2534E-93A6-4694-AF55-CF5F2D72DA2E}.Release|ARM.ActiveCfg = Release|ARM
		{3FC2534E-93A6-4694-AF55-CF5F2D72DA2E}.Release|ARM.Build.0 = Release|ARM
		{3FC2534E-93A6-4694-AF55-CF5F2D72DA2E}.Release|ARM64.ActiveCfg = Release|ARM64
		{3FC2534E-93A6-4694-AF55-CF5F2D72DA2E}.Release|ARM64.Build.0 = Release|ARM64
		{3FC2534E-93A6-4694-AF55-CF5F2D72DA2E}.Release|x64.ActiveCfg = Release|x64
		{3FC2534E-93A6-4694-AF55-CF5F2D72DA2E}.Release|x64.Build.0 = Release|x64
		{3FC2534E-93A6-4694-AF55-CF5F2D72DA2E}.Release|x86.ActiveCfg = Release|x86
		{3FC2534E-93A6-4694-AF55-CF5F2D72DA2E}.Release|x86.Build.0 = Release|x86
	EndGlobalSection
	GlobalSection(SolutionProperties) = preSolution
		HideSolutionNode = FALSE
	EndGlobalSection
	GlobalSection(ExtensibilityGlobals) = postSolution
		SolutionGuid = {DE784423-542D-4F6A-8607-66DF6890D19D}
	EndGlobalSection
EndGlobal
