
Microsoft Visual Studio Solution File, Format Version 12.00
# Visual Studio 15
VisualStudioVersion = 15.0.27130.2024
MinimumVisualStudioVersion = 10.0.40219.1
Project("{FAE04EC0-301F-11D3-BF4B-00C04F79EFBC}") = "TUMCampusApp", "TUMCampusApp\TUMCampusApp.csproj", "{B61942AE-D658-40EF-B885-66891E0AF707}"
EndProject
Project("{FAE04EC0-301F-11D3-BF4B-00C04F79EFBC}") = "VoiceCommandService", "VoiceCommandService\VoiceCommandService.csproj", "{193B6B06-188F-4DB8-B3B8-73B40438E662}"
EndProject
Project("{FAE04EC0-301F-11D3-BF4B-00C04F79EFBC}") = "BackgroundTask", "BackgroundTask\BackgroundTask.csproj", "{6651B12F-F088-40DE-A285-C1B94E1993B5}"
EndProject
Project("{FAE04EC0-301F-11D3-BF4B-00C04F79EFBC}") = "TUMCampusAppAPI", "TUMCampusAppAPI\TUMCampusAppAPI.csproj", "{96299629-0869-4BAE-8CED-95EB0E9EFACD}"
EndProject
Project("{FAE04EC0-301F-11D3-BF4B-00C04F79EFBC}") = "Thread_Save_Components", "Thread_Save_Components\Thread_Save_Components.csproj", "{422D37E6-2D0F-42AF-8B26-88E007BD022D}"
EndProject
Project("{FAE04EC0-301F-11D3-BF4B-00C04F79EFBC}") = "Data_Manager", "Data_Manager\Data_Manager.csproj", "{3F43F80B-A65C-46AB-B30C-F7113D5C8473}"
EndProject
Project("{FAE04EC0-301F-11D3-BF4B-00C04F79EFBC}") = "Logging", "Logging\Logging.csproj", "{BA194139-EC89-4063-B044-3AD40FC1FF61}"
EndProject
Global
	GlobalSection(SolutionConfigurationPlatforms) = preSolution
		Debug|Any CPU = Debug|Any CPU
		Debug|ARM = Debug|ARM
		Debug|x64 = Debug|x64
		Debug|x86 = Debug|x86
		Release|Any CPU = Release|Any CPU
		Release|ARM = Release|ARM
		Release|x64 = Release|x64
		Release|x86 = Release|x86
	EndGlobalSection
	GlobalSection(ProjectConfigurationPlatforms) = postSolution
		{B61942AE-D658-40EF-B885-66891E0AF707}.Debug|Any CPU.ActiveCfg = Debug|x86
		{B61942AE-D658-40EF-B885-66891E0AF707}.Debug|ARM.ActiveCfg = Debug|ARM
		{B61942AE-D658-40EF-B885-66891E0AF707}.Debug|ARM.Build.0 = Debug|ARM
		{B61942AE-D658-40EF-B885-66891E0AF707}.Debug|ARM.Deploy.0 = Debug|ARM
		{B61942AE-D658-40EF-B885-66891E0AF707}.Debug|x64.ActiveCfg = Debug|x64
		{B61942AE-D658-40EF-B885-66891E0AF707}.Debug|x64.Build.0 = Debug|x64
		{B61942AE-D658-40EF-B885-66891E0AF707}.Debug|x64.Deploy.0 = Debug|x64
		{B61942AE-D658-40EF-B885-66891E0AF707}.Debug|x86.ActiveCfg = Debug|x86
		{B61942AE-D658-40EF-B885-66891E0AF707}.Debug|x86.Build.0 = Debug|x86
		{B61942AE-D658-40EF-B885-66891E0AF707}.Debug|x86.Deploy.0 = Debug|x86
		{B61942AE-D658-40EF-B885-66891E0AF707}.Release|Any CPU.ActiveCfg = Release|x86
		{B61942AE-D658-40EF-B885-66891E0AF707}.Release|ARM.ActiveCfg = Release|ARM
		{B61942AE-D658-40EF-B885-66891E0AF707}.Release|ARM.Build.0 = Release|ARM
		{B61942AE-D658-40EF-B885-66891E0AF707}.Release|ARM.Deploy.0 = Release|ARM
		{B61942AE-D658-40EF-B885-66891E0AF707}.Release|x64.ActiveCfg = Release|x64
		{B61942AE-D658-40EF-B885-66891E0AF707}.Release|x64.Build.0 = Release|x64
		{B61942AE-D658-40EF-B885-66891E0AF707}.Release|x64.Deploy.0 = Release|x64
		{B61942AE-D658-40EF-B885-66891E0AF707}.Release|x86.ActiveCfg = Release|x86
		{B61942AE-D658-40EF-B885-66891E0AF707}.Release|x86.Build.0 = Release|x86
		{B61942AE-D658-40EF-B885-66891E0AF707}.Release|x86.Deploy.0 = Release|x86
		{193B6B06-188F-4DB8-B3B8-73B40438E662}.Debug|Any CPU.ActiveCfg = Debug|Any CPU
		{193B6B06-188F-4DB8-B3B8-73B40438E662}.Debug|Any CPU.Build.0 = Debug|Any CPU
		{193B6B06-188F-4DB8-B3B8-73B40438E662}.Debug|ARM.ActiveCfg = Debug|ARM
		{193B6B06-188F-4DB8-B3B8-73B40438E662}.Debug|ARM.Build.0 = Debug|ARM
		{193B6B06-188F-4DB8-B3B8-73B40438E662}.Debug|x64.ActiveCfg = Debug|x64
		{193B6B06-188F-4DB8-B3B8-73B40438E662}.Debug|x64.Build.0 = Debug|x64
		{193B6B06-188F-4DB8-B3B8-73B40438E662}.Debug|x86.ActiveCfg = Debug|x86
		{193B6B06-188F-4DB8-B3B8-73B40438E662}.Debug|x86.Build.0 = Debug|x86
		{193B6B06-188F-4DB8-B3B8-73B40438E662}.Release|Any CPU.ActiveCfg = Release|Any CPU
		{193B6B06-188F-4DB8-B3B8-73B40438E662}.Release|Any CPU.Build.0 = Release|Any CPU
		{193B6B06-188F-4DB8-B3B8-73B40438E662}.Release|ARM.ActiveCfg = Release|ARM
		{193B6B06-188F-4DB8-B3B8-73B40438E662}.Release|ARM.Build.0 = Release|ARM
		{193B6B06-188F-4DB8-B3B8-73B40438E662}.Release|x64.ActiveCfg = Release|x64
		{193B6B06-188F-4DB8-B3B8-73B40438E662}.Release|x64.Build.0 = Release|x64
		{193B6B06-188F-4DB8-B3B8-73B40438E662}.Release|x86.ActiveCfg = Release|x86
		{193B6B06-188F-4DB8-B3B8-73B40438E662}.Release|x86.Build.0 = Release|x86
		{6651B12F-F088-40DE-A285-C1B94E1993B5}.Debug|Any CPU.ActiveCfg = Debug|Any CPU
		{6651B12F-F088-40DE-A285-C1B94E1993B5}.Debug|Any CPU.Build.0 = Debug|Any CPU
		{6651B12F-F088-40DE-A285-C1B94E1993B5}.Debug|ARM.ActiveCfg = Debug|ARM
		{6651B12F-F088-40DE-A285-C1B94E1993B5}.Debug|ARM.Build.0 = Debug|ARM
		{6651B12F-F088-40DE-A285-C1B94E1993B5}.Debug|x64.ActiveCfg = Debug|x64
		{6651B12F-F088-40DE-A285-C1B94E1993B5}.Debug|x64.Build.0 = Debug|x64
		{6651B12F-F088-40DE-A285-C1B94E1993B5}.Debug|x86.ActiveCfg = Debug|x86
		{6651B12F-F088-40DE-A285-C1B94E1993B5}.Debug|x86.Build.0 = Debug|x86
		{6651B12F-F088-40DE-A285-C1B94E1993B5}.Release|Any CPU.ActiveCfg = Release|Any CPU
		{6651B12F-F088-40DE-A285-C1B94E1993B5}.Release|Any CPU.Build.0 = Release|Any CPU
		{6651B12F-F088-40DE-A285-C1B94E1993B5}.Release|ARM.ActiveCfg = Release|ARM
		{6651B12F-F088-40DE-A285-C1B94E1993B5}.Release|ARM.Build.0 = Release|ARM
		{6651B12F-F088-40DE-A285-C1B94E1993B5}.Release|x64.ActiveCfg = Release|x64
		{6651B12F-F088-40DE-A285-C1B94E1993B5}.Release|x64.Build.0 = Release|x64
		{6651B12F-F088-40DE-A285-C1B94E1993B5}.Release|x86.ActiveCfg = Release|x86
		{6651B12F-F088-40DE-A285-C1B94E1993B5}.Release|x86.Build.0 = Release|x86
		{96299629-0869-4BAE-8CED-95EB0E9EFACD}.Debug|Any CPU.ActiveCfg = Debug|Any CPU
		{96299629-0869-4BAE-8CED-95EB0E9EFACD}.Debug|Any CPU.Build.0 = Debug|Any CPU
		{96299629-0869-4BAE-8CED-95EB0E9EFACD}.Debug|ARM.ActiveCfg = Debug|ARM
		{96299629-0869-4BAE-8CED-95EB0E9EFACD}.Debug|ARM.Build.0 = Debug|ARM
		{96299629-0869-4BAE-8CED-95EB0E9EFACD}.Debug|x64.ActiveCfg = Debug|x64
		{96299629-0869-4BAE-8CED-95EB0E9EFACD}.Debug|x64.Build.0 = Debug|x64
		{96299629-0869-4BAE-8CED-95EB0E9EFACD}.Debug|x86.ActiveCfg = Debug|x86
		{96299629-0869-4BAE-8CED-95EB0E9EFACD}.Debug|x86.Build.0 = Debug|x86
		{96299629-0869-4BAE-8CED-95EB0E9EFACD}.Release|Any CPU.ActiveCfg = Release|Any CPU
		{96299629-0869-4BAE-8CED-95EB0E9EFACD}.Release|Any CPU.Build.0 = Release|Any CPU
		{96299629-0869-4BAE-8CED-95EB0E9EFACD}.Release|ARM.ActiveCfg = Release|ARM
		{96299629-0869-4BAE-8CED-95EB0E9EFACD}.Release|ARM.Build.0 = Release|ARM
		{96299629-0869-4BAE-8CED-95EB0E9EFACD}.Release|x64.ActiveCfg = Release|x64
		{96299629-0869-4BAE-8CED-95EB0E9EFACD}.Release|x64.Build.0 = Release|x64
		{96299629-0869-4BAE-8CED-95EB0E9EFACD}.Release|x86.ActiveCfg = Release|x86
		{96299629-0869-4BAE-8CED-95EB0E9EFACD}.Release|x86.Build.0 = Release|x86
		{422D37E6-2D0F-42AF-8B26-88E007BD022D}.Debug|Any CPU.ActiveCfg = Debug|Any CPU
		{422D37E6-2D0F-42AF-8B26-88E007BD022D}.Debug|Any CPU.Build.0 = Debug|Any CPU
		{422D37E6-2D0F-42AF-8B26-88E007BD022D}.Debug|ARM.ActiveCfg = Debug|ARM
		{422D37E6-2D0F-42AF-8B26-88E007BD022D}.Debug|ARM.Build.0 = Debug|ARM
		{422D37E6-2D0F-42AF-8B26-88E007BD022D}.Debug|x64.ActiveCfg = Debug|x64
		{422D37E6-2D0F-42AF-8B26-88E007BD022D}.Debug|x64.Build.0 = Debug|x64
		{422D37E6-2D0F-42AF-8B26-88E007BD022D}.Debug|x86.ActiveCfg = Debug|x86
		{422D37E6-2D0F-42AF-8B26-88E007BD022D}.Debug|x86.Build.0 = Debug|x86
		{422D37E6-2D0F-42AF-8B26-88E007BD022D}.Release|Any CPU.ActiveCfg = Release|Any CPU
		{422D37E6-2D0F-42AF-8B26-88E007BD022D}.Release|Any CPU.Build.0 = Release|Any CPU
		{422D37E6-2D0F-42AF-8B26-88E007BD022D}.Release|ARM.ActiveCfg = Release|ARM
		{422D37E6-2D0F-42AF-8B26-88E007BD022D}.Release|ARM.Build.0 = Release|ARM
		{422D37E6-2D0F-42AF-8B26-88E007BD022D}.Release|x64.ActiveCfg = Release|x64
		{422D37E6-2D0F-42AF-8B26-88E007BD022D}.Release|x64.Build.0 = Release|x64
		{422D37E6-2D0F-42AF-8B26-88E007BD022D}.Release|x86.ActiveCfg = Release|x86
		{422D37E6-2D0F-42AF-8B26-88E007BD022D}.Release|x86.Build.0 = Release|x86
		{3F43F80B-A65C-46AB-B30C-F7113D5C8473}.Debug|Any CPU.ActiveCfg = Debug|Any CPU
		{3F43F80B-A65C-46AB-B30C-F7113D5C8473}.Debug|Any CPU.Build.0 = Debug|Any CPU
		{3F43F80B-A65C-46AB-B30C-F7113D5C8473}.Debug|ARM.ActiveCfg = Debug|ARM
		{3F43F80B-A65C-46AB-B30C-F7113D5C8473}.Debug|ARM.Build.0 = Debug|ARM
		{3F43F80B-A65C-46AB-B30C-F7113D5C8473}.Debug|x64.ActiveCfg = Debug|x64
		{3F43F80B-A65C-46AB-B30C-F7113D5C8473}.Debug|x64.Build.0 = Debug|x64
		{3F43F80B-A65C-46AB-B30C-F7113D5C8473}.Debug|x86.ActiveCfg = Debug|x86
		{3F43F80B-A65C-46AB-B30C-F7113D5C8473}.Debug|x86.Build.0 = Debug|x86
		{3F43F80B-A65C-46AB-B30C-F7113D5C8473}.Release|Any CPU.ActiveCfg = Release|Any CPU
		{3F43F80B-A65C-46AB-B30C-F7113D5C8473}.Release|Any CPU.Build.0 = Release|Any CPU
		{3F43F80B-A65C-46AB-B30C-F7113D5C8473}.Release|ARM.ActiveCfg = Release|ARM
		{3F43F80B-A65C-46AB-B30C-F7113D5C8473}.Release|ARM.Build.0 = Release|ARM
		{3F43F80B-A65C-46AB-B30C-F7113D5C8473}.Release|x64.ActiveCfg = Release|x64
		{3F43F80B-A65C-46AB-B30C-F7113D5C8473}.Release|x64.Build.0 = Release|x64
		{3F43F80B-A65C-46AB-B30C-F7113D5C8473}.Release|x86.ActiveCfg = Release|x86
		{3F43F80B-A65C-46AB-B30C-F7113D5C8473}.Release|x86.Build.0 = Release|x86
		{BA194139-EC89-4063-B044-3AD40FC1FF61}.Debug|Any CPU.ActiveCfg = Debug|Any CPU
		{BA194139-EC89-4063-B044-3AD40FC1FF61}.Debug|Any CPU.Build.0 = Debug|Any CPU
		{BA194139-EC89-4063-B044-3AD40FC1FF61}.Debug|ARM.ActiveCfg = Debug|ARM
		{BA194139-EC89-4063-B044-3AD40FC1FF61}.Debug|ARM.Build.0 = Debug|ARM
		{BA194139-EC89-4063-B044-3AD40FC1FF61}.Debug|x64.ActiveCfg = Debug|x64
		{BA194139-EC89-4063-B044-3AD40FC1FF61}.Debug|x64.Build.0 = Debug|x64
		{BA194139-EC89-4063-B044-3AD40FC1FF61}.Debug|x86.ActiveCfg = Debug|x86
		{BA194139-EC89-4063-B044-3AD40FC1FF61}.Debug|x86.Build.0 = Debug|x86
		{BA194139-EC89-4063-B044-3AD40FC1FF61}.Release|Any CPU.ActiveCfg = Release|Any CPU
		{BA194139-EC89-4063-B044-3AD40FC1FF61}.Release|Any CPU.Build.0 = Release|Any CPU
		{BA194139-EC89-4063-B044-3AD40FC1FF61}.Release|ARM.ActiveCfg = Release|ARM
		{BA194139-EC89-4063-B044-3AD40FC1FF61}.Release|ARM.Build.0 = Release|ARM
		{BA194139-EC89-4063-B044-3AD40FC1FF61}.Release|x64.ActiveCfg = Release|x64
		{BA194139-EC89-4063-B044-3AD40FC1FF61}.Release|x64.Build.0 = Release|x64
		{BA194139-EC89-4063-B044-3AD40FC1FF61}.Release|x86.ActiveCfg = Release|x86
		{BA194139-EC89-4063-B044-3AD40FC1FF61}.Release|x86.Build.0 = Release|x86
	EndGlobalSection
	GlobalSection(SolutionProperties) = preSolution
		HideSolutionNode = FALSE
	EndGlobalSection
	GlobalSection(ExtensibilityGlobals) = postSolution
		SolutionGuid = {4D6FB21F-F63C-4EBE-8A81-5E9D085FF1F5}
	EndGlobalSection
EndGlobal
